// !$*UTF8*$!
{
	archiveVersion = 1;
	classes = {
	};
	objectVersion = 50;
	objects = {

/* Begin PBXBuildFile section */
		D442E562211CB87B00A86E25 /* ViewController+Layout.swift in Sources */ = {isa = PBXBuildFile; fileRef = D442E561211CB87B00A86E25 /* ViewController+Layout.swift */; };
		D4D2343C211805A90082195F /* AppDelegate.swift in Sources */ = {isa = PBXBuildFile; fileRef = D4D2343B211805A90082195F /* AppDelegate.swift */; };
		D4D2343E211805A90082195F /* ViewController.swift in Sources */ = {isa = PBXBuildFile; fileRef = D4D2343D211805A90082195F /* ViewController.swift */; };
		D4D23443211805AA0082195F /* Assets.xcassets in Resources */ = {isa = PBXBuildFile; fileRef = D4D23442211805AA0082195F /* Assets.xcassets */; };
		D4D23446211805AA0082195F /* LaunchScreen.storyboard in Resources */ = {isa = PBXBuildFile; fileRef = D4D23444211805AA0082195F /* LaunchScreen.storyboard */; };
		D4D23450211806660082195F /* ImageCell.swift in Sources */ = {isa = PBXBuildFile; fileRef = D4D2344F211806660082195F /* ImageCell.swift */; };
		D4D23453211807370082195F /* ImageDownloader.swift in Sources */ = {isa = PBXBuildFile; fileRef = D4D23452211807370082195F /* ImageDownloader.swift */; };
		D4D23456211819140082195F /* ViewController+SessionDelegate.swift in Sources */ = {isa = PBXBuildFile; fileRef = D4D23455211819140082195F /* ViewController+SessionDelegate.swift */; };
		D4DCC4122119781E007380CD /* CircularProgressView.swift in Sources */ = {isa = PBXBuildFile; fileRef = D4DCC4112119781E007380CD /* CircularProgressView.swift */; };
		D4DCC414211978F7007380CD /* ImageDownload.swift in Sources */ = {isa = PBXBuildFile; fileRef = D4DCC413211978F7007380CD /* ImageDownload.swift */; };
/* End PBXBuildFile section */

/* Begin PBXFileReference section */
		D442E561211CB87B00A86E25 /* ViewController+Layout.swift */ = {isa = PBXFileReference; lastKnownFileType = sourcecode.swift; path = "ViewController+Layout.swift"; sourceTree = "<group>"; };
		D4D23438211805A90082195F /* CircularLoadingTutorial.app */ = {isa = PBXFileReference; explicitFileType = wrapper.application; includeInIndex = 0; path = CircularLoadingTutorial.app; sourceTree = BUILT_PRODUCTS_DIR; };
		D4D2343B211805A90082195F /* AppDelegate.swift */ = {isa = PBXFileReference; lastKnownFileType = sourcecode.swift; path = AppDelegate.swift; sourceTree = "<group>"; };
		D4D2343D211805A90082195F /* ViewController.swift */ = {isa = PBXFileReference; lastKnownFileType = sourcecode.swift; path = ViewController.swift; sourceTree = "<group>"; };
		D4D23442211805AA0082195F /* Assets.xcassets */ = {isa = PBXFileReference; lastKnownFileType = folder.assetcatalog; path = Assets.xcassets; sourceTree = "<group>"; };
		D4D23445211805AA0082195F /* Base */ = {isa = PBXFileReference; lastKnownFileType = file.storyboard; name = Base; path = Base.lproj/LaunchScreen.storyboard; sourceTree = "<group>"; };
		D4D23447211805AA0082195F /* Info.plist */ = {isa = PBXFileReference; lastKnownFileType = text.plist.xml; path = Info.plist; sourceTree = "<group>"; };
		D4D2344F211806660082195F /* ImageCell.swift */ = {isa = PBXFileReference; lastKnownFileType = sourcecode.swift; path = ImageCell.swift; sourceTree = "<group>"; };
		D4D23452211807370082195F /* ImageDownloader.swift */ = {isa = PBXFileReference; lastKnownFileType = sourcecode.swift; path = ImageDownloader.swift; sourceTree = "<group>"; };
		D4D23455211819140082195F /* ViewController+SessionDelegate.swift */ = {isa = PBXFileReference; lastKnownFileType = sourcecode.swift; path = "ViewController+SessionDelegate.swift"; sourceTree = "<group>"; };
		D4DCC4112119781E007380CD /* CircularProgressView.swift */ = {isa = PBXFileReference; lastKnownFileType = sourcecode.swift; path = CircularProgressView.swift; sourceTree = "<group>"; };
		D4DCC413211978F7007380CD /* ImageDownload.swift */ = {isa = PBXFileReference; lastKnownFileType = sourcecode.swift; path = ImageDownload.swift; sourceTree = "<group>"; };
/* End PBXFileReference section */

/* Begin PBXFrameworksBuildPhase section */
		D4D23435211805A90082195F /* Frameworks */ = {
			isa = PBXFrameworksBuildPhase;
			buildActionMask = 2147483647;
			files = (
			);
			runOnlyForDeploymentPostprocessing = 0;
		};
/* End PBXFrameworksBuildPhase section */

/* Begin PBXGroup section */
		D4D2342F211805A90082195F = {
			isa = PBXGroup;
			children = (
				D4D2343A211805A90082195F /* CircularLoadingTutorial */,
				D4D23439211805A90082195F /* Products */,
			);
			sourceTree = "<group>";
		};
		D4D23439211805A90082195F /* Products */ = {
			isa = PBXGroup;
			children = (
				D4D23438211805A90082195F /* CircularLoadingTutorial.app */,
			);
			name = Products;
			sourceTree = "<group>";
		};
		D4D2343A211805A90082195F /* CircularLoadingTutorial */ = {
			isa = PBXGroup;
			children = (
				D4D23454211818FB0082195F /* ViewController */,
				D4D23451211807240082195F /* Networking */,
				D4D2344E2118065C0082195F /* Cells */,
				D4D2344D211805B80082195F /* Views */,
				D4D2343B211805A90082195F /* AppDelegate.swift */,
				D4D23442211805AA0082195F /* Assets.xcassets */,
				D4D23444211805AA0082195F /* LaunchScreen.storyboard */,
				D4D23447211805AA0082195F /* Info.plist */,
			);
			path = CircularLoadingTutorial;
			sourceTree = "<group>";
		};
		D4D2344D211805B80082195F /* Views */ = {
			isa = PBXGroup;
			children = (
				D4DCC4112119781E007380CD /* CircularProgressView.swift */,
			);
			path = Views;
			sourceTree = "<group>";
		};
		D4D2344E2118065C0082195F /* Cells */ = {
			isa = PBXGroup;
			children = (
				D4D2344F211806660082195F /* ImageCell.swift */,
			);
			path = Cells;
			sourceTree = "<group>";
		};
		D4D23451211807240082195F /* Networking */ = {
			isa = PBXGroup;
			children = (
				D4D23452211807370082195F /* ImageDownloader.swift */,
				D4DCC413211978F7007380CD /* ImageDownload.swift */,
			);
			path = Networking;
			sourceTree = "<group>";
		};
		D4D23454211818FB0082195F /* ViewController */ = {
			isa = PBXGroup;
			children = (
				D4D2343D211805A90082195F /* ViewController.swift */,
				D4D23455211819140082195F /* ViewController+SessionDelegate.swift */,
				D442E561211CB87B00A86E25 /* ViewController+Layout.swift */,
			);
			path = ViewController;
			sourceTree = "<group>";
		};
/* End PBXGroup section */

/* Begin PBXNativeTarget section */
		D4D23437211805A90082195F /* CircularLoadingTutorial */ = {
			isa = PBXNativeTarget;
			buildConfigurationList = D4D2344A211805AA0082195F /* Build configuration list for PBXNativeTarget "CircularLoadingTutorial" */;
			buildPhases = (
				D4D23434211805A90082195F /* Sources */,
				D4D23435211805A90082195F /* Frameworks */,
				D4D23436211805A90082195F /* Resources */,
			);
			buildRules = (
			);
			dependencies = (
			);
			name = CircularLoadingTutorial;
			productName = CircularLoadingTutorial;
			productReference = D4D23438211805A90082195F /* CircularLoadingTutorial.app */;
			productType = "com.apple.product-type.application";
		};
/* End PBXNativeTarget section */

/* Begin PBXProject section */
		D4D23430211805A90082195F /* Project object */ = {
			isa = PBXProject;
			attributes = {
				LastSwiftUpdateCheck = 0940;
				LastUpgradeCheck = 0940;
				ORGANIZATIONNAME = "Stephen Bodnar";
				TargetAttributes = {
					D4D23437211805A90082195F = {
						CreatedOnToolsVersion = 9.4.1;
					};
				};
			};
			buildConfigurationList = D4D23433211805A90082195F /* Build configuration list for PBXProject "CircularLoadingTutorial" */;
			compatibilityVersion = "Xcode 9.3";
			developmentRegion = en;
			hasScannedForEncodings = 0;
			knownRegions = (
				en,
				Base,
			);
			mainGroup = D4D2342F211805A90082195F;
			productRefGroup = D4D23439211805A90082195F /* Products */;
			projectDirPath = "";
			projectRoot = "";
			targets = (
				D4D23437211805A90082195F /* CircularLoadingTutorial */,
			);
		};
/* End PBXProject section */

/* Begin PBXResourcesBuildPhase section */
		D4D23436211805A90082195F /* Resources */ = {
			isa = PBXResourcesBuildPhase;
			buildActionMask = 2147483647;
			files = (
				D4D23446211805AA0082195F /* LaunchScreen.storyboard in Resources */,
				D4D23443211805AA0082195F /* Assets.xcassets in Resources */,
			);
			runOnlyForDeploymentPostprocessing = 0;
		};
/* End PBXResourcesBuildPhase section */

/* Begin PBXSourcesBuildPhase section */
		D4D23434211805A90082195F /* Sources */ = {
			isa = PBXSourcesBuildPhase;
			buildActionMask = 2147483647;
			files = (
				D4D2343E211805A90082195F /* ViewController.swift in Sources */,
				D4D2343C211805A90082195F /* AppDelegate.swift in Sources */,
				D4D23453211807370082195F /* ImageDownloader.swift in Sources */,
				D4DCC414211978F7007380CD /* ImageDownload.swift in Sources */,
				D4D23450211806660082195F /* ImageCell.swift in Sources */,
				D4DCC4122119781E007380CD /* CircularProgressView.swift in Sources */,
				D442E562211CB87B00A86E25 /* ViewController+Layout.swift in Sources */,
				D4D23456211819140082195F /* ViewController+SessionDelegate.swift in Sources */,
			);
			runOnlyForDeploymentPostprocessing = 0;
		};
/* End PBXSourcesBuildPhase section */

/* Begin PBXVariantGroup section */
		D4D23444211805AA0082195F /* LaunchScreen.storyboard */ = {
			isa = PBXVariantGroup;
			children = (
				D4D23445211805AA0082195F /* Base */,
			);
			name = LaunchScreen.storyboard;
			sourceTree = "<group>";
		};
/* End PBXVariantGroup section */

/* Begin XCBuildConfiguration section */
		D4D23448211805AA0082195F /* Debug */ = {
			isa = XCBuildConfiguration;
			buildSettings = {
				ALWAYS_SEARCH_USER_PATHS = NO;
				CLANG_ANALYZER_NONNULL = YES;
				CLANG_ANALYZER_NUMBER_OBJECT_CONVERSION = YES_AGGRESSIVE;
				CLANG_CXX_LANGUAGE_STANDARD = "gnu++14";
				CLANG_CXX_LIBRARY = "libc++";
				CLANG_ENABLE_MODULES = YES;
				CLANG_ENABLE_OBJC_ARC = YES;
				CLANG_ENABLE_OBJC_WEAK = YES;
				CLANG_WARN_BLOCK_CAPTURE_AUTORELEASING = YES;
				CLANG_WARN_BOOL_CONVERSION = YES;
				CLANG_WARN_COMMA = YES;
				CLANG_WARN_CONSTANT_CONVERSION = YES;
				CLANG_WARN_DEPRECATED_OBJC_IMPLEMENTATIONS = YES;
				CLANG_WARN_DIRECT_OBJC_ISA_USAGE = YES_ERROR;
				CLANG_WARN_DOCUMENTATION_COMMENTS = YES;
				CLANG_WARN_EMPTY_BODY = YES;
				CLANG_WARN_ENUM_CONVERSION = YES;
				CLANG_WARN_INFINITE_RECURSION = YES;
				CLANG_WARN_INT_CONVERSION = YES;
				CLANG_WARN_NON_LITERAL_NULL_CONVERSION = YES;
				CLANG_WARN_OBJC_IMPLICIT_RETAIN_SELF = YES;
				CLANG_WARN_OBJC_LITERAL_CONVERSION = YES;
				CLANG_WARN_OBJC_ROOT_CLASS = YES_ERROR;
				CLANG_WARN_RANGE_LOOP_ANALYSIS = YES;
				CLANG_WARN_STRICT_PROTOTYPES = YES;
				CLANG_WARN_SUSPICIOUS_MOVE = YES;
				CLANG_WARN_UNGUARDED_AVAILABILITY = YES_AGGRESSIVE;
				CLANG_WARN_UNREACHABLE_CODE = YES;
				CLANG_WARN__DUPLICATE_METHOD_MATCH = YES;
				CODE_SIGN_IDENTITY = "iPhone Developer";
				COPY_PHASE_STRIP = NO;
				DEBUG_INFORMATION_FORMAT = dwarf;
				ENABLE_STRICT_OBJC_MSGSEND = YES;
				ENABLE_TESTABILITY = YES;
				GCC_C_LANGUAGE_STANDARD = gnu11;
				GCC_DYNAMIC_NO_PIC = NO;
				GCC_NO_COMMON_BLOCKS = YES;
				GCC_OPTIMIZATION_LEVEL = 0;
				GCC_PREPROCESSOR_DEFINITIONS = (
					"DEBUG=1",
					"$(inherited)",
				);
				GCC_WARN_64_TO_32_BIT_CONVERSION = YES;
				GCC_WARN_ABOUT_RETURN_TYPE = YES_ERROR;
				GCC_WARN_UNDECLARED_SELECTOR = YES;
				GCC_WARN_UNINITIALIZED_AUTOS = YES_AGGRESSIVE;
				GCC_WARN_UNUSED_FUNCTION = YES;
				GCC_WARN_UNUSED_VARIABLE = YES;
				IPHONEOS_DEPLOYMENT_TARGET = 11.4;
				MTL_ENABLE_DEBUG_INFO = YES;
				ONLY_ACTIVE_ARCH = YES;
				SDKROOT = iphoneos;
				SWIFT_ACTIVE_COMPILATION_CONDITIONS = DEBUG;
				SWIFT_OPTIMIZATION_LEVEL = "-Onone";
			};
			name = Debug;
		};
		D4D23449211805AA0082195F /* Release */ = {
			isa = XCBuildConfiguration;
			buildSettings = {
				ALWAYS_SEARCH_USER_PATHS = NO;
				CLANG_ANALYZER_NONNULL = YES;
				CLANG_ANALYZER_NUMBER_OBJECT_CONVERSION = YES_AGGRESSIVE;
				CLANG_CXX_LANGUAGE_STANDARD = "gnu++14";
				CLANG_CXX_LIBRARY = "libc++";
				CLANG_ENABLE_MODULES = YES;
				CLANG_ENABLE_OBJC_ARC = YES;
				CLANG_ENABLE_OBJC_WEAK = YES;
				CLANG_WARN_BLOCK_CAPTURE_AUTORELEASING = YES;
				CLANG_WARN_BOOL_CONVERSION = YES;
				CLANG_WARN_COMMA = YES;
				CLANG_WARN_CONSTANT_CONVERSION = YES;
				CLANG_WARN_DEPRECATED_OBJC_IMPLEMENTATIONS = YES;
				CLANG_WARN_DIRECT_OBJC_ISA_USAGE = YES_ERROR;
				CLANG_WARN_DOCUMENTATION_COMMENTS = YES;
				CLANG_WARN_EMPTY_BODY = YES;
				CLANG_WARN_ENUM_CONVERSION = YES;
				CLANG_WARN_INFINITE_RECURSION = YES;
				CLANG_WARN_INT_CONVERSION = YES;
				CLANG_WARN_NON_LITERAL_NULL_CONVERSION = YES;
				CLANG_WARN_OBJC_IMPLICIT_RETAIN_SELF = YES;
				CLANG_WARN_OBJC_LITERAL_CONVERSION = YES;
				CLANG_WARN_OBJC_ROOT_CLASS = YES_ERROR;
				CLANG_WARN_RANGE_LOOP_ANALYSIS = YES;
				CLANG_WARN_STRICT_PROTOTYPES = YES;
				CLANG_WARN_SUSPICIOUS_MOVE = YES;
				CLANG_WARN_UNGUARDED_AVAILABILITY = YES_AGGRESSIVE;
				CLANG_WARN_UNREACHABLE_CODE = YES;
				CLANG_WARN__DUPLICATE_METHOD_MATCH = YES;
				CODE_SIGN_IDENTITY = "iPhone Developer";
				COPY_PHASE_STRIP = NO;
				DEBUG_INFORMATION_FORMAT = "dwarf-with-dsym";
				ENABLE_NS_ASSERTIONS = NO;
				ENABLE_STRICT_OBJC_MSGSEND = YES;
				GCC_C_LANGUAGE_STANDARD = gnu11;
				GCC_NO_COMMON_BLOCKS = YES;
				GCC_WARN_64_TO_32_BIT_CONVERSION = YES;
				GCC_WARN_ABOUT_RETURN_TYPE = YES_ERROR;
				GCC_WARN_UNDECLARED_SELECTOR = YES;
				GCC_WARN_UNINITIALIZED_AUTOS = YES_AGGRESSIVE;
				GCC_WARN_UNUSED_FUNCTION = YES;
				GCC_WARN_UNUSED_VARIABLE = YES;
				IPHONEOS_DEPLOYMENT_TARGET = 11.4;
				MTL_ENABLE_DEBUG_INFO = NO;
				SDKROOT = iphoneos;
				SWIFT_COMPILATION_MODE = wholemodule;
				SWIFT_OPTIMIZATION_LEVEL = "-O";
				VALIDATE_PRODUCT = YES;
			};
			name = Release;
		};
		D4D2344B211805AA0082195F /* Debug */ = {
			isa = XCBuildConfiguration;
			buildSettings = {
				ASSETCATALOG_COMPILER_APPICON_NAME = AppIcon;
				CODE_SIGN_STYLE = Automatic;
				DEVELOPMENT_TEAM = U352XG8SZU;
				INFOPLIST_FILE = CircularLoadingTutorial/Info.plist;
				LD_RUNPATH_SEARCH_PATHS = (
					"$(inherited)",
					"@executable_path/Frameworks",
				);
				PRODUCT_BUNDLE_IDENTIFIER = stephenbodnar.CircularLoadingTutorial;
				PRODUCT_NAME = "$(TARGET_NAME)";
				SWIFT_VERSION = 4.0;
				TARGETED_DEVICE_FAMILY = "1,2";
			};
			name = Debug;
		};
		D4D2344C211805AA0082195F /* Release */ = {
			isa = XCBuildConfiguration;
			buildSettings = {
				ASSETCATALOG_COMPILER_APPICON_NAME = AppIcon;
				CODE_SIGN_STYLE = Automatic;
				DEVELOPMENT_TEAM = U352XG8SZU;
				INFOPLIST_FILE = CircularLoadingTutorial/Info.plist;
				LD_RUNPATH_SEARCH_PATHS = (
					"$(inherited)",
					"@executable_path/Frameworks",
				);
				PRODUCT_BUNDLE_IDENTIFIER = stephenbodnar.CircularLoadingTutorial;
				PRODUCT_NAME = "$(TARGET_NAME)";
				SWIFT_VERSION = 4.0;
				TARGETED_DEVICE_FAMILY = "1,2";
			};
			name = Release;
		};
/* End XCBuildConfiguration section */

/* Begin XCConfigurationList section */
		D4D23433211805A90082195F /* Build configuration list for PBXProject "CircularLoadingTutorial" */ = {
			isa = XCConfigurationList;
			buildConfigurations = (
				D4D23448211805AA0082195F /* Debug */,
				D4D23449211805AA0082195F /* Release */,
			);
			defaultConfigurationIsVisible = 0;
			defaultConfigurationName = Release;
		};
		D4D2344A211805AA0082195F /* Build configuration list for PBXNativeTarget "CircularLoadingTutorial" */ = {
			isa = XCConfigurationList;
			buildConfigurations = (
				D4D2344B211805AA0082195F /* Debug */,
				D4D2344C211805AA0082195F /* Release */,
			);
			defaultConfigurationIsVisible = 0;
			defaultConfigurationName = Release;
		};
/* End XCConfigurationList section */
	};
	rootObject = D4D23430211805A90082195F /* Project object */;
}
